
Microsoft Visual Studio Solution File, Format Version 12.00
# Visual Studio Version 16
VisualStudioVersion = 16.0.34114.132
MinimumVisualStudioVersion = 10.0.40219.1
Project("{8BC9CEB8-8B4A-11D0-8D11-00A0C91BC942}") = "2(5) - ClassesPolymorphism", "2(5) - ClassesPolymorphism.vcxproj", "{82C1C041-2B25-475D-8E5C-57DFC760FF9E}"
EndProject
Global
	GlobalSection(SolutionConfigurationPlatforms) = preSolution
		Debug|x64 = Debug|x64
		Debug|x86 = Debug|x86
		Release|x64 = Release|x64
		Release|x86 = Release|x86
	EndGlobalSection
	GlobalSection(ProjectConfigurationPlatforms) = postSolution
		{82C1C041-2B25-475D-8E5C-57DFC760FF9E}.Debug|x64.ActiveCfg = Debug|x64
		{82C1C041-2B25-475D-8E5C-57DFC760FF9E}.Debug|x64.Build.0 = Debug|x64
		{82C1C041-2B25-475D-8E5C-57DFC760FF9E}.Debug|x86.ActiveCfg = Debug|Win32
		{82C1C041-2B25-475D-8E5C-57DFC760FF9E}.Debug|x86.Build.0 = Debug|Win32
		{82C1C041-2B25-475D-8E5C-57DFC760FF9E}.Release|x64.ActiveCfg = Release|x64
		{82C1C041-2B25-475D-8E5C-57DFC760FF9E}.Release|x64.Build.0 = Release|x64
		{82C1C041-2B25-475D-8E5C-57DFC760FF9E}.Release|x86.ActiveCfg = Release|Win32
		{82C1C041-2B25-475D-8E5C-57DFC760FF9E}.Release|x86.Build.0 = Release|Win32
	EndGlobalSection
	GlobalSection(SolutionProperties) = preSolution
		HideSolutionNode = FALSE
	EndGlobalSection
	GlobalSection(ExtensibilityGlobals) = postSolution
		SolutionGuid = {B7F1C3E3-3851-4E85-8790-EC84FB108787}
	EndGlobalSection
EndGlobal
