
Microsoft Visual Studio Solution File, Format Version 12.00
# Visual Studio 15
VisualStudioVersion = 15.0.27004.2008
MinimumVisualStudioVersion = 10.0.40219.1
Project("{8BC9CEB8-8B4A-11D0-8D11-00A0C91BC942}") = "Midterm Exam Q2 17-18", "Midterm Exam Q2 17-18\Midterm Exam Q2 17-18.vcxproj", "{34625A2E-EA83-4EF9-8F7C-B14D6CEA7093}"
EndProject
Global
	GlobalSection(SolutionConfigurationPlatforms) = preSolution
		Debug|x64 = Debug|x64
		Debug|x86 = Debug|x86
		Release|x64 = Release|x64
		Release|x86 = Release|x86
	EndGlobalSection
	GlobalSection(ProjectConfigurationPlatforms) = postSolution
		{34625A2E-EA83-4EF9-8F7C-B14D6CEA7093}.Debug|x64.ActiveCfg = Debug|x64
		{34625A2E-EA83-4EF9-8F7C-B14D6CEA7093}.Debug|x64.Build.0 = Debug|x64
		{34625A2E-EA83-4EF9-8F7C-B14D6CEA7093}.Debug|x86.ActiveCfg = Debug|Win32
		{34625A2E-EA83-4EF9-8F7C-B14D6CEA7093}.Debug|x86.Build.0 = Debug|Win32
		{34625A2E-EA83-4EF9-8F7C-B14D6CEA7093}.Release|x64.ActiveCfg = Release|x64
		{34625A2E-EA83-4EF9-8F7C-B14D6CEA7093}.Release|x64.Build.0 = Release|x64
		{34625A2E-EA83-4EF9-8F7C-B14D6CEA7093}.Release|x86.ActiveCfg = Release|Win32
		{34625A2E-EA83-4EF9-8F7C-B14D6CEA7093}.Release|x86.Build.0 = Release|Win32
	EndGlobalSection
	GlobalSection(SolutionProperties) = preSolution
		HideSolutionNode = FALSE
	EndGlobalSection
	GlobalSection(ExtensibilityGlobals) = postSolution
		SolutionGuid = {B631E1E2-924A-4558-A040-D71BDC6ACF5D}
	EndGlobalSection
EndGlobal
